
Microsoft Visual Studio Solution File, Format Version 12.00
# Visual Studio 2013
VisualStudioVersion = 12.0.21005.1
MinimumVisualStudioVersion = 10.0.40219.1
Project("{FAE04EC0-301F-11D3-BF4B-00C04F79EFBC}") = "XMLFeedImporter", "XMLFeedImporter\XMLFeedImporter.csproj", "{77648DA6-0C94-4CD3-BDEA-7FC47A1EDD20}"
EndProject
Project("{FAE04EC0-301F-11D3-BF4B-00C04F79EFBC}") = "XMLFeedImporter.Tests", "XMLFeedImporter.Tests\XMLFeedImporter.Tests.csproj", "{E29EC246-6B2A-469B-90E2-A4B5EA7B1AA3}"
EndProject
Global
	GlobalSection(SolutionConfigurationPlatforms) = preSolution
		Debug|Any CPU = Debug|Any CPU
		Release|Any CPU = Release|Any CPU
	EndGlobalSection
	GlobalSection(ProjectConfigurationPlatforms) = postSolution
		{77648DA6-0C94-4CD3-BDEA-7FC47A1EDD20}.Debug|Any CPU.ActiveCfg = Debug|Any CPU
		{77648DA6-0C94-4CD3-BDEA-7FC47A1EDD20}.Debug|Any CPU.Build.0 = Debug|Any CPU
		{77648DA6-0C94-4CD3-BDEA-7FC47A1EDD20}.Release|Any CPU.ActiveCfg = Release|Any CPU
		{77648DA6-0C94-4CD3-BDEA-7FC47A1EDD20}.Release|Any CPU.Build.0 = Release|Any CPU
		{E29EC246-6B2A-469B-90E2-A4B5EA7B1AA3}.Debug|Any CPU.ActiveCfg = Debug|Any CPU
		{E29EC246-6B2A-469B-90E2-A4B5EA7B1AA3}.Debug|Any CPU.Build.0 = Debug|Any CPU
		{E29EC246-6B2A-469B-90E2-A4B5EA7B1AA3}.Release|Any CPU.ActiveCfg = Release|Any CPU
		{E29EC246-6B2A-469B-90E2-A4B5EA7B1AA3}.Release|Any CPU.Build.0 = Release|Any CPU
	EndGlobalSection
	GlobalSection(SolutionProperties) = preSolution
		HideSolutionNode = FALSE
	EndGlobalSection
EndGlobal
